
Microsoft Visual Studio Solution File, Format Version 12.00
# Visual Studio Version 17
VisualStudioVersion = 17.8.34322.80
MinimumVisualStudioVersion = 10.0.40219.1
Project("{FAE04EC0-301F-11D3-BF4B-00C04F79EFBC}") = "CreditOnline", "CreditOnline\CreditOnline.csproj", "{28BB24A2-2881-4B68-9E08-AB6C967A6BF5}"
EndProject
Project("{9A19103F-16F7-4668-BE54-9A1E7A4F7556}") = "LogicalModel", "..\OnlineCredit\Model\LogicalModel.csproj", "{38E5A591-E5AD-4EE6-8CAB-9273D636EAA9}"
EndProject
Project("{9A19103F-16F7-4668-BE54-9A1E7A4F7556}") = "BuissnesLogical", "..\OnlineCredit\BuissnesLogical\BuissnesLogical.csproj", "{98B95692-95E6-410D-A1A0-4199A5F344B5}"
EndProject
Global
	GlobalSection(SolutionConfigurationPlatforms) = preSolution
		Debug|Any CPU = Debug|Any CPU
		Release|Any CPU = Release|Any CPU
	EndGlobalSection
	GlobalSection(ProjectConfigurationPlatforms) = postSolution
		{28BB24A2-2881-4B68-9E08-AB6C967A6BF5}.Debug|Any CPU.ActiveCfg = Debug|Any CPU
		{28BB24A2-2881-4B68-9E08-AB6C967A6BF5}.Debug|Any CPU.Build.0 = Debug|Any CPU
		{28BB24A2-2881-4B68-9E08-AB6C967A6BF5}.Release|Any CPU.ActiveCfg = Release|Any CPU
		{28BB24A2-2881-4B68-9E08-AB6C967A6BF5}.Release|Any CPU.Build.0 = Release|Any CPU
		{38E5A591-E5AD-4EE6-8CAB-9273D636EAA9}.Debug|Any CPU.ActiveCfg = Debug|Any CPU
		{38E5A591-E5AD-4EE6-8CAB-9273D636EAA9}.Debug|Any CPU.Build.0 = Debug|Any CPU
		{38E5A591-E5AD-4EE6-8CAB-9273D636EAA9}.Release|Any CPU.ActiveCfg = Release|Any CPU
		{38E5A591-E5AD-4EE6-8CAB-9273D636EAA9}.Release|Any CPU.Build.0 = Release|Any CPU
		{98B95692-95E6-410D-A1A0-4199A5F344B5}.Debug|Any CPU.ActiveCfg = Debug|Any CPU
		{98B95692-95E6-410D-A1A0-4199A5F344B5}.Debug|Any CPU.Build.0 = Debug|Any CPU
		{98B95692-95E6-410D-A1A0-4199A5F344B5}.Release|Any CPU.ActiveCfg = Release|Any CPU
		{98B95692-95E6-410D-A1A0-4199A5F344B5}.Release|Any CPU.Build.0 = Release|Any CPU
	EndGlobalSection
	GlobalSection(SolutionProperties) = preSolution
		HideSolutionNode = FALSE
	EndGlobalSection
	GlobalSection(ExtensibilityGlobals) = postSolution
		SolutionGuid = {2598B864-545B-44E5-88D6-84BB182958BC}
	EndGlobalSection
EndGlobal
